// !$*UTF8*$!
{
	archiveVersion = 1;
	classes = {
	};
	objectVersion = 56;
	objects = {

/* Begin PBXBuildFile section */
		0A06E0832BD1BA9A0013D50B /* AppDelegate.swift in Sources */ = {isa = PBXBuildFile; fileRef = 0A06E0822BD1BA9A0013D50B /* AppDelegate.swift */; };
		0A06E0852BD1BA9A0013D50B /* SceneDelegate.swift in Sources */ = {isa = PBXBuildFile; fileRef = 0A06E0842BD1BA9A0013D50B /* SceneDelegate.swift */; };
		0A06E0872BD1BA9A0013D50B /* NationalParksListVC.swift in Sources */ = {isa = PBXBuildFile; fileRef = 0A06E0862BD1BA9A0013D50B /* NationalParksListVC.swift */; };
		0A06E08C2BD1BA9C0013D50B /* Assets.xcassets in Resources */ = {isa = PBXBuildFile; fileRef = 0A06E08B2BD1BA9C0013D50B /* Assets.xcassets */; };
		0A06E08F2BD1BA9C0013D50B /* LaunchScreen.storyboard in Resources */ = {isa = PBXBuildFile; fileRef = 0A06E08D2BD1BA9C0013D50B /* LaunchScreen.storyboard */; };
		0A06E0982BD72C010013D50B /* Park.swift in Sources */ = {isa = PBXBuildFile; fileRef = 0A06E0972BD72C010013D50B /* Park.swift */; };
		0A06E09B2BD72E7F0013D50B /* Activity.swift in Sources */ = {isa = PBXBuildFile; fileRef = 0A06E09A2BD72E7F0013D50B /* Activity.swift */; };
		0A06E09D2BD72EAD0013D50B /* ImageData.swift in Sources */ = {isa = PBXBuildFile; fileRef = 0A06E09C2BD72EAD0013D50B /* ImageData.swift */; };
		0A06E0A12BD85E4F0013D50B /* NetworkManager.swift in Sources */ = {isa = PBXBuildFile; fileRef = 0A06E0A02BD85E4F0013D50B /* NetworkManager.swift */; };
		0A06E0A32BD868030013D50B /* ParkData.swift in Sources */ = {isa = PBXBuildFile; fileRef = 0A06E0A22BD868030013D50B /* ParkData.swift */; };
/* End PBXBuildFile section */

/* Begin PBXFileReference section */
		0A06E07F2BD1BA9A0013D50B /* NationalParks.app */ = {isa = PBXFileReference; explicitFileType = wrapper.application; includeInIndex = 0; path = NationalParks.app; sourceTree = BUILT_PRODUCTS_DIR; };
		0A06E0822BD1BA9A0013D50B /* AppDelegate.swift */ = {isa = PBXFileReference; lastKnownFileType = sourcecode.swift; path = AppDelegate.swift; sourceTree = "<group>"; };
		0A06E0842BD1BA9A0013D50B /* SceneDelegate.swift */ = {isa = PBXFileReference; lastKnownFileType = sourcecode.swift; path = SceneDelegate.swift; sourceTree = "<group>"; };
		0A06E0862BD1BA9A0013D50B /* NationalParksListVC.swift */ = {isa = PBXFileReference; lastKnownFileType = sourcecode.swift; path = NationalParksListVC.swift; sourceTree = "<group>"; };
		0A06E08B2BD1BA9C0013D50B /* Assets.xcassets */ = {isa = PBXFileReference; lastKnownFileType = folder.assetcatalog; path = Assets.xcassets; sourceTree = "<group>"; };
		0A06E08E2BD1BA9C0013D50B /* Base */ = {isa = PBXFileReference; lastKnownFileType = file.storyboard; name = Base; path = Base.lproj/LaunchScreen.storyboard; sourceTree = "<group>"; };
		0A06E0902BD1BA9C0013D50B /* Info.plist */ = {isa = PBXFileReference; lastKnownFileType = text.plist.xml; path = Info.plist; sourceTree = "<group>"; };
		0A06E0972BD72C010013D50B /* Park.swift */ = {isa = PBXFileReference; lastKnownFileType = sourcecode.swift; path = Park.swift; sourceTree = "<group>"; };
		0A06E09A2BD72E7F0013D50B /* Activity.swift */ = {isa = PBXFileReference; lastKnownFileType = sourcecode.swift; path = Activity.swift; sourceTree = "<group>"; };
		0A06E09C2BD72EAD0013D50B /* ImageData.swift */ = {isa = PBXFileReference; lastKnownFileType = sourcecode.swift; path = ImageData.swift; sourceTree = "<group>"; };
		0A06E0A02BD85E4F0013D50B /* NetworkManager.swift */ = {isa = PBXFileReference; lastKnownFileType = sourcecode.swift; path = NetworkManager.swift; sourceTree = "<group>"; };
		0A06E0A22BD868030013D50B /* ParkData.swift */ = {isa = PBXFileReference; lastKnownFileType = sourcecode.swift; path = ParkData.swift; sourceTree = "<group>"; };
/* End PBXFileReference section */

/* Begin PBXFrameworksBuildPhase section */
		0A06E07C2BD1BA9A0013D50B /* Frameworks */ = {
			isa = PBXFrameworksBuildPhase;
			buildActionMask = 2147483647;
			files = (
			);
			runOnlyForDeploymentPostprocessing = 0;
		};
/* End PBXFrameworksBuildPhase section */

/* Begin PBXGroup section */
		0A06E0762BD1BA9A0013D50B = {
			isa = PBXGroup;
			children = (
				0A06E0812BD1BA9A0013D50B /* NationalParks */,
				0A06E0802BD1BA9A0013D50B /* Products */,
			);
			sourceTree = "<group>";
		};
		0A06E0802BD1BA9A0013D50B /* Products */ = {
			isa = PBXGroup;
			children = (
				0A06E07F2BD1BA9A0013D50B /* NationalParks.app */,
			);
			name = Products;
			sourceTree = "<group>";
		};
		0A06E0812BD1BA9A0013D50B /* NationalParks */ = {
			isa = PBXGroup;
			children = (
				0A06E09F2BD85E3C0013D50B /* Managers */,
				0A06E0962BD72BE70013D50B /* Models */,
				0A06E09E2BD85C540013D50B /* Support */,
				0A06E0992BD72DBB0013D50B /* ViewController */,
				0A06E0902BD1BA9C0013D50B /* Info.plist */,
			);
			path = NationalParks;
			sourceTree = "<group>";
		};
		0A06E0962BD72BE70013D50B /* Models */ = {
			isa = PBXGroup;
			children = (
				0A06E0972BD72C010013D50B /* Park.swift */,
				0A06E09A2BD72E7F0013D50B /* Activity.swift */,
				0A06E09C2BD72EAD0013D50B /* ImageData.swift */,
				0A06E0A22BD868030013D50B /* ParkData.swift */,
			);
			path = Models;
			sourceTree = "<group>";
		};
		0A06E0992BD72DBB0013D50B /* ViewController */ = {
			isa = PBXGroup;
			children = (
				0A06E0862BD1BA9A0013D50B /* NationalParksListVC.swift */,
			);
			path = ViewController;
			sourceTree = "<group>";
		};
		0A06E09E2BD85C540013D50B /* Support */ = {
			isa = PBXGroup;
			children = (
				0A06E08B2BD1BA9C0013D50B /* Assets.xcassets */,
				0A06E08D2BD1BA9C0013D50B /* LaunchScreen.storyboard */,
				0A06E0822BD1BA9A0013D50B /* AppDelegate.swift */,
				0A06E0842BD1BA9A0013D50B /* SceneDelegate.swift */,
			);
			path = Support;
			sourceTree = "<group>";
		};
		0A06E09F2BD85E3C0013D50B /* Managers */ = {
			isa = PBXGroup;
			children = (
				0A06E0A02BD85E4F0013D50B /* NetworkManager.swift */,
			);
			path = Managers;
			sourceTree = "<group>";
		};
/* End PBXGroup section */

/* Begin PBXNativeTarget section */
		0A06E07E2BD1BA9A0013D50B /* NationalParks */ = {
			isa = PBXNativeTarget;
			buildConfigurationList = 0A06E0932BD1BA9C0013D50B /* Build configuration list for PBXNativeTarget "NationalParks" */;
			buildPhases = (
				0A06E07B2BD1BA9A0013D50B /* Sources */,
				0A06E07C2BD1BA9A0013D50B /* Frameworks */,
				0A06E07D2BD1BA9A0013D50B /* Resources */,
			);
			buildRules = (
			);
			dependencies = (
			);
			name = NationalParks;
			productName = NationalParks;
			productReference = 0A06E07F2BD1BA9A0013D50B /* NationalParks.app */;
			productType = "com.apple.product-type.application";
		};
/* End PBXNativeTarget section */

/* Begin PBXProject section */
		0A06E0772BD1BA9A0013D50B /* Project object */ = {
			isa = PBXProject;
			attributes = {
				BuildIndependentTargetsInParallel = 1;
				LastSwiftUpdateCheck = 1420;
				LastUpgradeCheck = 1420;
				TargetAttributes = {
					0A06E07E2BD1BA9A0013D50B = {
						CreatedOnToolsVersion = 14.2;
					};
				};
			};
			buildConfigurationList = 0A06E07A2BD1BA9A0013D50B /* Build configuration list for PBXProject "NationalParks" */;
			compatibilityVersion = "Xcode 14.0";
			developmentRegion = en;
			hasScannedForEncodings = 0;
			knownRegions = (
				en,
				Base,
			);
			mainGroup = 0A06E0762BD1BA9A0013D50B;
			productRefGroup = 0A06E0802BD1BA9A0013D50B /* Products */;
			projectDirPath = "";
			projectRoot = "";
			targets = (
				0A06E07E2BD1BA9A0013D50B /* NationalParks */,
			);
		};
/* End PBXProject section */

/* Begin PBXResourcesBuildPhase section */
		0A06E07D2BD1BA9A0013D50B /* Resources */ = {
			isa = PBXResourcesBuildPhase;
			buildActionMask = 2147483647;
			files = (
				0A06E08F2BD1BA9C0013D50B /* LaunchScreen.storyboard in Resources */,
				0A06E08C2BD1BA9C0013D50B /* Assets.xcassets in Resources */,
			);
			runOnlyForDeploymentPostprocessing = 0;
		};
/* End PBXResourcesBuildPhase section */

/* Begin PBXSourcesBuildPhase section */
		0A06E07B2BD1BA9A0013D50B /* Sources */ = {
			isa = PBXSourcesBuildPhase;
			buildActionMask = 2147483647;
			files = (
				0A06E09B2BD72E7F0013D50B /* Activity.swift in Sources */,
				0A06E0A32BD868030013D50B /* ParkData.swift in Sources */,
				0A06E0872BD1BA9A0013D50B /* NationalParksListVC.swift in Sources */,
				0A06E0832BD1BA9A0013D50B /* AppDelegate.swift in Sources */,
				0A06E0A12BD85E4F0013D50B /* NetworkManager.swift in Sources */,
				0A06E0852BD1BA9A0013D50B /* SceneDelegate.swift in Sources */,
				0A06E0982BD72C010013D50B /* Park.swift in Sources */,
				0A06E09D2BD72EAD0013D50B /* ImageData.swift in Sources */,
			);
			runOnlyForDeploymentPostprocessing = 0;
		};
/* End PBXSourcesBuildPhase section */

/* Begin PBXVariantGroup section */
		0A06E08D2BD1BA9C0013D50B /* LaunchScreen.storyboard */ = {
			isa = PBXVariantGroup;
			children = (
				0A06E08E2BD1BA9C0013D50B /* Base */,
			);
			name = LaunchScreen.storyboard;
			sourceTree = "<group>";
		};
/* End PBXVariantGroup section */

/* Begin XCBuildConfiguration section */
		0A06E0912BD1BA9C0013D50B /* Debug */ = {
			isa = XCBuildConfiguration;
			buildSettings = {
				ALWAYS_SEARCH_USER_PATHS = NO;
				CLANG_ANALYZER_NONNULL = YES;
				CLANG_ANALYZER_NUMBER_OBJECT_CONVERSION = YES_AGGRESSIVE;
				CLANG_CXX_LANGUAGE_STANDARD = "gnu++20";
				CLANG_ENABLE_MODULES = YES;
				CLANG_ENABLE_OBJC_ARC = YES;
				CLANG_ENABLE_OBJC_WEAK = YES;
				CLANG_WARN_BLOCK_CAPTURE_AUTORELEASING = YES;
				CLANG_WARN_BOOL_CONVERSION = YES;
				CLANG_WARN_COMMA = YES;
				CLANG_WARN_CONSTANT_CONVERSION = YES;
				CLANG_WARN_DEPRECATED_OBJC_IMPLEMENTATIONS = YES;
				CLANG_WARN_DIRECT_OBJC_ISA_USAGE = YES_ERROR;
				CLANG_WARN_DOCUMENTATION_COMMENTS = YES;
				CLANG_WARN_EMPTY_BODY = YES;
				CLANG_WARN_ENUM_CONVERSION = YES;
				CLANG_WARN_INFINITE_RECURSION = YES;
				CLANG_WARN_INT_CONVERSION = YES;
				CLANG_WARN_NON_LITERAL_NULL_CONVERSION = YES;
				CLANG_WARN_OBJC_IMPLICIT_RETAIN_SELF = YES;
				CLANG_WARN_OBJC_LITERAL_CONVERSION = YES;
				CLANG_WARN_OBJC_ROOT_CLASS = YES_ERROR;
				CLANG_WARN_QUOTED_INCLUDE_IN_FRAMEWORK_HEADER = YES;
				CLANG_WARN_RANGE_LOOP_ANALYSIS = YES;
				CLANG_WARN_STRICT_PROTOTYPES = YES;
				CLANG_WARN_SUSPICIOUS_MOVE = YES;
				CLANG_WARN_UNGUARDED_AVAILABILITY = YES_AGGRESSIVE;
				CLANG_WARN_UNREACHABLE_CODE = YES;
				CLANG_WARN__DUPLICATE_METHOD_MATCH = YES;
				COPY_PHASE_STRIP = NO;
				DEBUG_INFORMATION_FORMAT = dwarf;
				ENABLE_STRICT_OBJC_MSGSEND = YES;
				ENABLE_TESTABILITY = YES;
				GCC_C_LANGUAGE_STANDARD = gnu11;
				GCC_DYNAMIC_NO_PIC = NO;
				GCC_NO_COMMON_BLOCKS = YES;
				GCC_OPTIMIZATION_LEVEL = 0;
				GCC_PREPROCESSOR_DEFINITIONS = (
					"DEBUG=1",
					"$(inherited)",
				);
				GCC_WARN_64_TO_32_BIT_CONVERSION = YES;
				GCC_WARN_ABOUT_RETURN_TYPE = YES_ERROR;
				GCC_WARN_UNDECLARED_SELECTOR = YES;
				GCC_WARN_UNINITIALIZED_AUTOS = YES_AGGRESSIVE;
				GCC_WARN_UNUSED_FUNCTION = YES;
				GCC_WARN_UNUSED_VARIABLE = YES;
				IPHONEOS_DEPLOYMENT_TARGET = 16.2;
				MTL_ENABLE_DEBUG_INFO = INCLUDE_SOURCE;
				MTL_FAST_MATH = YES;
				ONLY_ACTIVE_ARCH = YES;
				SDKROOT = iphoneos;
				SWIFT_ACTIVE_COMPILATION_CONDITIONS = DEBUG;
				SWIFT_OPTIMIZATION_LEVEL = "-Onone";
			};
			name = Debug;
		};
		0A06E0922BD1BA9C0013D50B /* Release */ = {
			isa = XCBuildConfiguration;
			buildSettings = {
				ALWAYS_SEARCH_USER_PATHS = NO;
				CLANG_ANALYZER_NONNULL = YES;
				CLANG_ANALYZER_NUMBER_OBJECT_CONVERSION = YES_AGGRESSIVE;
				CLANG_CXX_LANGUAGE_STANDARD = "gnu++20";
				CLANG_ENABLE_MODULES = YES;
				CLANG_ENABLE_OBJC_ARC = YES;
				CLANG_ENABLE_OBJC_WEAK = YES;
				CLANG_WARN_BLOCK_CAPTURE_AUTORELEASING = YES;
				CLANG_WARN_BOOL_CONVERSION = YES;
				CLANG_WARN_COMMA = YES;
				CLANG_WARN_CONSTANT_CONVERSION = YES;
				CLANG_WARN_DEPRECATED_OBJC_IMPLEMENTATIONS = YES;
				CLANG_WARN_DIRECT_OBJC_ISA_USAGE = YES_ERROR;
				CLANG_WARN_DOCUMENTATION_COMMENTS = YES;
				CLANG_WARN_EMPTY_BODY = YES;
				CLANG_WARN_ENUM_CONVERSION = YES;
				CLANG_WARN_INFINITE_RECURSION = YES;
				CLANG_WARN_INT_CONVERSION = YES;
				CLANG_WARN_NON_LITERAL_NULL_CONVERSION = YES;
				CLANG_WARN_OBJC_IMPLICIT_RETAIN_SELF = YES;
				CLANG_WARN_OBJC_LITERAL_CONVERSION = YES;
				CLANG_WARN_OBJC_ROOT_CLASS = YES_ERROR;
				CLANG_WARN_QUOTED_INCLUDE_IN_FRAMEWORK_HEADER = YES;
				CLANG_WARN_RANGE_LOOP_ANALYSIS = YES;
				CLANG_WARN_STRICT_PROTOTYPES = YES;
				CLANG_WARN_SUSPICIOUS_MOVE = YES;
				CLANG_WARN_UNGUARDED_AVAILABILITY = YES_AGGRESSIVE;
				CLANG_WARN_UNREACHABLE_CODE = YES;
				CLANG_WARN__DUPLICATE_METHOD_MATCH = YES;
				COPY_PHASE_STRIP = NO;
				DEBUG_INFORMATION_FORMAT = "dwarf-with-dsym";
				ENABLE_NS_ASSERTIONS = NO;
				ENABLE_STRICT_OBJC_MSGSEND = YES;
				GCC_C_LANGUAGE_STANDARD = gnu11;
				GCC_NO_COMMON_BLOCKS = YES;
				GCC_WARN_64_TO_32_BIT_CONVERSION = YES;
				GCC_WARN_ABOUT_RETURN_TYPE = YES_ERROR;
				GCC_WARN_UNDECLARED_SELECTOR = YES;
				GCC_WARN_UNINITIALIZED_AUTOS = YES_AGGRESSIVE;
				GCC_WARN_UNUSED_FUNCTION = YES;
				GCC_WARN_UNUSED_VARIABLE = YES;
				IPHONEOS_DEPLOYMENT_TARGET = 16.2;
				MTL_ENABLE_DEBUG_INFO = NO;
				MTL_FAST_MATH = YES;
				SDKROOT = iphoneos;
				SWIFT_COMPILATION_MODE = wholemodule;
				SWIFT_OPTIMIZATION_LEVEL = "-O";
				VALIDATE_PRODUCT = YES;
			};
			name = Release;
		};
		0A06E0942BD1BA9C0013D50B /* Debug */ = {
			isa = XCBuildConfiguration;
			buildSettings = {
				ASSETCATALOG_COMPILER_APPICON_NAME = AppIcon;
				ASSETCATALOG_COMPILER_GLOBAL_ACCENT_COLOR_NAME = AccentColor;
				CODE_SIGN_STYLE = Automatic;
				CURRENT_PROJECT_VERSION = 1;
				GENERATE_INFOPLIST_FILE = YES;
				INFOPLIST_FILE = NationalParks/Info.plist;
				INFOPLIST_KEY_UIApplicationSupportsIndirectInputEvents = YES;
				INFOPLIST_KEY_UILaunchStoryboardName = LaunchScreen;
				INFOPLIST_KEY_UISupportedInterfaceOrientations = UIInterfaceOrientationPortrait;
				LD_RUNPATH_SEARCH_PATHS = (
					"$(inherited)",
					"@executable_path/Frameworks",
				);
				MARKETING_VERSION = 1.0;
				PRODUCT_BUNDLE_IDENTIFIER = com.pratyusha.NationalParks;
				PRODUCT_NAME = "$(TARGET_NAME)";
				SWIFT_EMIT_LOC_STRINGS = YES;
				SWIFT_VERSION = 5.0;
				TARGETED_DEVICE_FAMILY = "1,2";
			};
			name = Debug;
		};
		0A06E0952BD1BA9C0013D50B /* Release */ = {
			isa = XCBuildConfiguration;
			buildSettings = {
				ASSETCATALOG_COMPILER_APPICON_NAME = AppIcon;
				ASSETCATALOG_COMPILER_GLOBAL_ACCENT_COLOR_NAME = AccentColor;
				CODE_SIGN_STYLE = Automatic;
				CURRENT_PROJECT_VERSION = 1;
				GENERATE_INFOPLIST_FILE = YES;
				INFOPLIST_FILE = NationalParks/Info.plist;
				INFOPLIST_KEY_UIApplicationSupportsIndirectInputEvents = YES;
				INFOPLIST_KEY_UILaunchStoryboardName = LaunchScreen;
				INFOPLIST_KEY_UISupportedInterfaceOrientations = UIInterfaceOrientationPortrait;
				LD_RUNPATH_SEARCH_PATHS = (
					"$(inherited)",
					"@executable_path/Frameworks",
				);
				MARKETING_VERSION = 1.0;
				PRODUCT_BUNDLE_IDENTIFIER = com.pratyusha.NationalParks;
				PRODUCT_NAME = "$(TARGET_NAME)";
				SWIFT_EMIT_LOC_STRINGS = YES;
				SWIFT_VERSION = 5.0;
				TARGETED_DEVICE_FAMILY = "1,2";
			};
			name = Release;
		};
/* End XCBuildConfiguration section */

/* Begin XCConfigurationList section */
		0A06E07A2BD1BA9A0013D50B /* Build configuration list for PBXProject "NationalParks" */ = {
			isa = XCConfigurationList;
			buildConfigurations = (
				0A06E0912BD1BA9C0013D50B /* Debug */,
				0A06E0922BD1BA9C0013D50B /* Release */,
			);
			defaultConfigurationIsVisible = 0;
			defaultConfigurationName = Release;
		};
		0A06E0932BD1BA9C0013D50B /* Build configuration list for PBXNativeTarget "NationalParks" */ = {
			isa = XCConfigurationList;
			buildConfigurations = (
				0A06E0942BD1BA9C0013D50B /* Debug */,
				0A06E0952BD1BA9C0013D50B /* Release */,
			);
			defaultConfigurationIsVisible = 0;
			defaultConfigurationName = Release;
		};
/* End XCConfigurationList section */
	};
	rootObject = 0A06E0772BD1BA9A0013D50B /* Project object */;
}
